
Microsoft Visual Studio Solution File, Format Version 12.00
# Visual Studio 2013
VisualStudioVersion = 12.0.21005.1
MinimumVisualStudioVersion = 10.0.40219.1
Project("{2150E333-8FDC-42A3-9474-1A3956D46DE8}") = "00Doc", "00Doc", "{F96CE490-8B9C-478C-854E-50C32DA2761F}"
	ProjectSection(SolutionItems) = preProject
		00Doc\Hot371.htm = 00Doc\Hot371.htm
		00Doc\Hot371表结构.docx = 00Doc\Hot371表结构.docx
	EndProjectSection
EndProject
Project("{2150E333-8FDC-42A3-9474-1A3956D46DE8}") = "00Sql", "00Sql", "{BCFDF745-9F09-4A2E-90B2-C0B909167E8A}"
EndProject
Project("{2150E333-8FDC-42A3-9474-1A3956D46DE8}") = "00Dll", "00Dll", "{1CA85DD2-AD75-42F7-979C-EDE5CFB5C88F}"
	ProjectSection(SolutionItems) = preProject
		00Dll\TCBase.Component.QRCode.dll = 00Dll\TCBase.Component.QRCode.dll
		00Dll\TCBase.Saker.Core.dll = 00Dll\TCBase.Saker.Core.dll
		00Dll\TCSmartFramework.DataAccess.dll = 00Dll\TCSmartFramework.DataAccess.dll
	EndProjectSection
EndProject
Project("{2150E333-8FDC-42A3-9474-1A3956D46DE8}") = "10Framework", "10Framework", "{BAE942E2-F452-4D5F-B157-A3CA703F8276}"
EndProject
Project("{2150E333-8FDC-42A3-9474-1A3956D46DE8}") = "20Entity", "20Entity", "{385DCDB3-D709-4F21-9C48-582ADD38799D}"
EndProject
Project("{2150E333-8FDC-42A3-9474-1A3956D46DE8}") = "30Dal", "30Dal", "{73F38385-256D-42E7-A755-357D6CC1E9CB}"
EndProject
Project("{2150E333-8FDC-42A3-9474-1A3956D46DE8}") = "40Bll", "40Bll", "{3412EFB3-1A54-4A35-ABB9-CB272A3BF0FB}"
EndProject
Project("{2150E333-8FDC-42A3-9474-1A3956D46DE8}") = "50App", "50App", "{9EF1407C-7852-44FB-AE02-646360A1DF01}"
EndProject
Project("{FAE04EC0-301F-11D3-BF4B-00C04F79EFBC}") = "QJZ.Framework.Utility", "10Framework\QJZ.Framework.Utility\QJZ.Framework.Utility.csproj", "{3D866019-D27A-4C23-A0D7-7D4D3DCAB2F4}"
EndProject
Project("{FAE04EC0-301F-11D3-BF4B-00C04F79EFBC}") = "QJZ.Framework.Web", "10Framework\QJZ.Framework.Web\QJZ.Framework.Web.csproj", "{9CF3BB65-6479-4817-BA49-B5346D559CCB}"
EndProject
Project("{FAE04EC0-301F-11D3-BF4B-00C04F79EFBC}") = "Hot371.Model", "20Entity\Hot371.Model\Hot371.Model.csproj", "{AD12E3B8-B49A-49E2-9FC2-BAD5E708AA43}"
EndProject
Project("{FAE04EC0-301F-11D3-BF4B-00C04F79EFBC}") = "Hot371.ViewModel", "20Entity\Hot371.ViewModel\Hot371.ViewModel.csproj", "{BDFF3452-6154-4F4A-9B84-E4A2B19B0AB7}"
EndProject
Project("{FAE04EC0-301F-11D3-BF4B-00C04F79EFBC}") = "Hot371.Dal", "30Dal\Hot371.Dal\Hot371.Dal.csproj", "{BFBD8557-C51F-4CA8-ADAF-C6D9EABCE682}"
EndProject
Project("{FAE04EC0-301F-11D3-BF4B-00C04F79EFBC}") = "Hot371.Bll", "40Bll\Hot371.Bll\Hot371.Bll.csproj", "{DDC0D93C-B3B3-4393-8BCC-045ECA40CDAB}"
EndProject
Project("{FAE04EC0-301F-11D3-BF4B-00C04F79EFBC}") = "QJZ.Framework.Contract", "10Framework\QJZ.Framework.Contract\QJZ.Framework.Contract.csproj", "{73B45841-8393-4F8D-AF94-4DC66D8DD581}"
EndProject
Project("{FAE04EC0-301F-11D3-BF4B-00C04F79EFBC}") = "Hot371.Site.Mobile", "50App\Hot371.Site.Mobile\Hot371.Site.Mobile.csproj", "{CB8B0565-978A-433F-9B4F-60FA470CCFDF}"
EndProject
Project("{FAE04EC0-301F-11D3-BF4B-00C04F79EFBC}") = "Hot371.Site.Enterprise", "50App\Hot371.Site.Enterprise\Hot371.Site.Enterprise.csproj", "{A1BB29A5-5BDA-4B0F-9BE7-788574BDDED5}"
EndProject
Project("{FAE04EC0-301F-11D3-BF4B-00C04F79EFBC}") = "Hot371.Site.Backstage", "50App\Hot371.Site.Backstage\Hot371.Site.Backstage.csproj", "{A0905279-3B9A-4C93-A3C1-53FA19132ED7}"
EndProject
Project("{2150E333-8FDC-42A3-9474-1A3956D46DE8}") = "50WS", "50WS", "{1B4E14BE-D077-454D-A793-788F89193E7C}"
EndProject
Project("{FAE04EC0-301F-11D3-BF4B-00C04F79EFBC}") = "Hot371.WS.Send", "50WS\Hot371.WS.Send\Hot371.WS.Send.csproj", "{A1979D2B-FB04-4C4B-93B0-5E4A1FFDB16C}"
EndProject
Project("{FAE04EC0-301F-11D3-BF4B-00C04F79EFBC}") = "Hot371.WS.Socket", "50WS\Hot371.WS.Socket\Hot371.WS.Socket.csproj", "{FA16287E-394A-4447-B7C0-01D4F83FDB8D}"
EndProject
Global
	GlobalSection(SolutionConfigurationPlatforms) = preSolution
		Debug|Any CPU = Debug|Any CPU
		Release|Any CPU = Release|Any CPU
	EndGlobalSection
	GlobalSection(ProjectConfigurationPlatforms) = postSolution
		{3D866019-D27A-4C23-A0D7-7D4D3DCAB2F4}.Debug|Any CPU.ActiveCfg = Debug|Any CPU
		{3D866019-D27A-4C23-A0D7-7D4D3DCAB2F4}.Debug|Any CPU.Build.0 = Debug|Any CPU
		{3D866019-D27A-4C23-A0D7-7D4D3DCAB2F4}.Release|Any CPU.ActiveCfg = Release|Any CPU
		{3D866019-D27A-4C23-A0D7-7D4D3DCAB2F4}.Release|Any CPU.Build.0 = Release|Any CPU
		{9CF3BB65-6479-4817-BA49-B5346D559CCB}.Debug|Any CPU.ActiveCfg = Debug|Any CPU
		{9CF3BB65-6479-4817-BA49-B5346D559CCB}.Debug|Any CPU.Build.0 = Debug|Any CPU
		{9CF3BB65-6479-4817-BA49-B5346D559CCB}.Release|Any CPU.ActiveCfg = Release|Any CPU
		{9CF3BB65-6479-4817-BA49-B5346D559CCB}.Release|Any CPU.Build.0 = Release|Any CPU
		{AD12E3B8-B49A-49E2-9FC2-BAD5E708AA43}.Debug|Any CPU.ActiveCfg = Debug|Any CPU
		{AD12E3B8-B49A-49E2-9FC2-BAD5E708AA43}.Debug|Any CPU.Build.0 = Debug|Any CPU
		{AD12E3B8-B49A-49E2-9FC2-BAD5E708AA43}.Release|Any CPU.ActiveCfg = Release|Any CPU
		{AD12E3B8-B49A-49E2-9FC2-BAD5E708AA43}.Release|Any CPU.Build.0 = Release|Any CPU
		{BDFF3452-6154-4F4A-9B84-E4A2B19B0AB7}.Debug|Any CPU.ActiveCfg = Debug|Any CPU
		{BDFF3452-6154-4F4A-9B84-E4A2B19B0AB7}.Debug|Any CPU.Build.0 = Debug|Any CPU
		{BDFF3452-6154-4F4A-9B84-E4A2B19B0AB7}.Release|Any CPU.ActiveCfg = Release|Any CPU
		{BDFF3452-6154-4F4A-9B84-E4A2B19B0AB7}.Release|Any CPU.Build.0 = Release|Any CPU
		{BFBD8557-C51F-4CA8-ADAF-C6D9EABCE682}.Debug|Any CPU.ActiveCfg = Debug|Any CPU
		{BFBD8557-C51F-4CA8-ADAF-C6D9EABCE682}.Debug|Any CPU.Build.0 = Debug|Any CPU
		{BFBD8557-C51F-4CA8-ADAF-C6D9EABCE682}.Release|Any CPU.ActiveCfg = Release|Any CPU
		{BFBD8557-C51F-4CA8-ADAF-C6D9EABCE682}.Release|Any CPU.Build.0 = Release|Any CPU
		{DDC0D93C-B3B3-4393-8BCC-045ECA40CDAB}.Debug|Any CPU.ActiveCfg = Debug|Any CPU
		{DDC0D93C-B3B3-4393-8BCC-045ECA40CDAB}.Debug|Any CPU.Build.0 = Debug|Any CPU
		{DDC0D93C-B3B3-4393-8BCC-045ECA40CDAB}.Release|Any CPU.ActiveCfg = Release|Any CPU
		{DDC0D93C-B3B3-4393-8BCC-045ECA40CDAB}.Release|Any CPU.Build.0 = Release|Any CPU
		{73B45841-8393-4F8D-AF94-4DC66D8DD581}.Debug|Any CPU.ActiveCfg = Debug|Any CPU
		{73B45841-8393-4F8D-AF94-4DC66D8DD581}.Debug|Any CPU.Build.0 = Debug|Any CPU
		{73B45841-8393-4F8D-AF94-4DC66D8DD581}.Release|Any CPU.ActiveCfg = Release|Any CPU
		{73B45841-8393-4F8D-AF94-4DC66D8DD581}.Release|Any CPU.Build.0 = Release|Any CPU
		{CB8B0565-978A-433F-9B4F-60FA470CCFDF}.Debug|Any CPU.ActiveCfg = Debug|Any CPU
		{CB8B0565-978A-433F-9B4F-60FA470CCFDF}.Debug|Any CPU.Build.0 = Debug|Any CPU
		{CB8B0565-978A-433F-9B4F-60FA470CCFDF}.Release|Any CPU.ActiveCfg = Release|Any CPU
		{CB8B0565-978A-433F-9B4F-60FA470CCFDF}.Release|Any CPU.Build.0 = Release|Any CPU
		{A1BB29A5-5BDA-4B0F-9BE7-788574BDDED5}.Debug|Any CPU.ActiveCfg = Debug|Any CPU
		{A1BB29A5-5BDA-4B0F-9BE7-788574BDDED5}.Debug|Any CPU.Build.0 = Debug|Any CPU
		{A1BB29A5-5BDA-4B0F-9BE7-788574BDDED5}.Release|Any CPU.ActiveCfg = Release|Any CPU
		{A1BB29A5-5BDA-4B0F-9BE7-788574BDDED5}.Release|Any CPU.Build.0 = Release|Any CPU
		{A0905279-3B9A-4C93-A3C1-53FA19132ED7}.Debug|Any CPU.ActiveCfg = Debug|Any CPU
		{A0905279-3B9A-4C93-A3C1-53FA19132ED7}.Debug|Any CPU.Build.0 = Debug|Any CPU
		{A0905279-3B9A-4C93-A3C1-53FA19132ED7}.Release|Any CPU.ActiveCfg = Release|Any CPU
		{A0905279-3B9A-4C93-A3C1-53FA19132ED7}.Release|Any CPU.Build.0 = Release|Any CPU
		{A1979D2B-FB04-4C4B-93B0-5E4A1FFDB16C}.Debug|Any CPU.ActiveCfg = Debug|Any CPU
		{A1979D2B-FB04-4C4B-93B0-5E4A1FFDB16C}.Debug|Any CPU.Build.0 = Debug|Any CPU
		{A1979D2B-FB04-4C4B-93B0-5E4A1FFDB16C}.Release|Any CPU.ActiveCfg = Release|Any CPU
		{A1979D2B-FB04-4C4B-93B0-5E4A1FFDB16C}.Release|Any CPU.Build.0 = Release|Any CPU
		{FA16287E-394A-4447-B7C0-01D4F83FDB8D}.Debug|Any CPU.ActiveCfg = Debug|Any CPU
		{FA16287E-394A-4447-B7C0-01D4F83FDB8D}.Debug|Any CPU.Build.0 = Debug|Any CPU
		{FA16287E-394A-4447-B7C0-01D4F83FDB8D}.Release|Any CPU.ActiveCfg = Release|Any CPU
		{FA16287E-394A-4447-B7C0-01D4F83FDB8D}.Release|Any CPU.Build.0 = Release|Any CPU
	EndGlobalSection
	GlobalSection(SolutionProperties) = preSolution
		HideSolutionNode = FALSE
	EndGlobalSection
	GlobalSection(NestedProjects) = preSolution
		{3D866019-D27A-4C23-A0D7-7D4D3DCAB2F4} = {BAE942E2-F452-4D5F-B157-A3CA703F8276}
		{9CF3BB65-6479-4817-BA49-B5346D559CCB} = {BAE942E2-F452-4D5F-B157-A3CA703F8276}
		{73B45841-8393-4F8D-AF94-4DC66D8DD581} = {BAE942E2-F452-4D5F-B157-A3CA703F8276}
		{AD12E3B8-B49A-49E2-9FC2-BAD5E708AA43} = {385DCDB3-D709-4F21-9C48-582ADD38799D}
		{BDFF3452-6154-4F4A-9B84-E4A2B19B0AB7} = {385DCDB3-D709-4F21-9C48-582ADD38799D}
		{BFBD8557-C51F-4CA8-ADAF-C6D9EABCE682} = {73F38385-256D-42E7-A755-357D6CC1E9CB}
		{DDC0D93C-B3B3-4393-8BCC-045ECA40CDAB} = {3412EFB3-1A54-4A35-ABB9-CB272A3BF0FB}
		{CB8B0565-978A-433F-9B4F-60FA470CCFDF} = {9EF1407C-7852-44FB-AE02-646360A1DF01}
		{A1BB29A5-5BDA-4B0F-9BE7-788574BDDED5} = {9EF1407C-7852-44FB-AE02-646360A1DF01}
		{A0905279-3B9A-4C93-A3C1-53FA19132ED7} = {9EF1407C-7852-44FB-AE02-646360A1DF01}
		{A1979D2B-FB04-4C4B-93B0-5E4A1FFDB16C} = {1B4E14BE-D077-454D-A793-788F89193E7C}
		{FA16287E-394A-4447-B7C0-01D4F83FDB8D} = {1B4E14BE-D077-454D-A793-788F89193E7C}
	EndGlobalSection
EndGlobal
